<Solution>
  <!-- docs (auto-generated: node scripts/sync-slnx-docs.mjs) -->
  <Folder Name="/docs/">
    <File Path="README.md" />
    <File Path="CHANGELOG.md" />
    <File Path="docs/common-mistakes.md" />
    <File Path="docs/concepts.md" />
    <File Path="docs/getting-started.md" />
    <File Path="docs/troubleshooting.md" />
  </Folder>
  <Project Path="src/Pragmatic.Notifications/Pragmatic.Notifications.csproj" />
  <Project Path="src/Pragmatic.Notifications.Webhook/Pragmatic.Notifications.Webhook.csproj" />
  <Project Path="src/Pragmatic.Notifications.Slack/Pragmatic.Notifications.Slack.csproj" />
  <Project Path="src/Pragmatic.Notifications.Sms/Pragmatic.Notifications.Sms.csproj" />
  <Project Path="src/Pragmatic.Notifications.EFCore/Pragmatic.Notifications.EFCore.csproj" />
  <Project Path="src/Pragmatic.Notifications.Testing/Pragmatic.Notifications.Testing.csproj" />
  <Project Path="tests/Pragmatic.Notifications.Tests/Pragmatic.Notifications.Tests.csproj" />
</Solution>
