<Solution>
  <!-- docs (auto-generated: node scripts/sync-slnx-docs.mjs) -->
  <Folder Name="/docs/">
    <File Path="README.md" />
    <File Path="CHANGELOG.md" />
    <File Path="docs/call-sites.md" />
    <File Path="docs/common-mistakes.md" />
    <File Path="docs/concepts.md" />
    <File Path="docs/context-enrichment.md" />
    <File Path="docs/getting-started.md" />
    <File Path="docs/performance.md" />
    <File Path="docs/privacy-security.md" />
    <File Path="docs/providers.md" />
    <File Path="docs/troubleshooting.md" />
  </Folder>

  <Folder Name="/src/">
    <Project Path="src/Pragmatic.Logging/Pragmatic.Logging.csproj" />
  </Folder>
  <Folder Name="/tests/">
    <Project Path="tests/Pragmatic.Logging.Tests/Pragmatic.Logging.Tests.csproj" />
  </Folder>
  <Folder Name="/benchmarks/">
    <Project Path="benchmarks/Pragmatic.Logging.Benchmarks/Pragmatic.Logging.Benchmarks.csproj" />
  </Folder>
</Solution>
