<Solution>
  <!-- docs (auto-generated: node scripts/sync-slnx-docs.mjs) -->
  <Folder Name="/docs/">
    <File Path="README.md" />
    <File Path="CHANGELOG.md" />
    <File Path="docs/boundaries.md" />
    <File Path="docs/common-mistakes.md" />
    <File Path="docs/concepts.md" />
    <File Path="docs/getting-started.md" />
    <File Path="docs/mutations.md" />
    <File Path="docs/pipeline.md" />
    <File Path="docs/troubleshooting.md" />
  </Folder>

  <Folder Name="/src/">
    <Project Path="src/Pragmatic.Actions/Pragmatic.Actions.csproj" />
    <Project Path="src/Pragmatic.Actions.EFCore/Pragmatic.Actions.EFCore.csproj" />
  </Folder>
  <Folder Name="/tests/">
    <Project Path="tests/Pragmatic.Actions.Tests/Pragmatic.Actions.Tests.csproj" />
  </Folder>
  <Folder Name="/samples/">
    <Project Path="samples/Pragmatic.Actions.Samples/Pragmatic.Actions.Samples.csproj" />
  </Folder>

  <!-- Unified source generator -->
  <Project Path="../Pragmatic.SourceGenerator/src/Pragmatic.SourceGenerator/Pragmatic.SourceGenerator.csproj" />
</Solution>
