<Solution>
  <!-- docs (auto-generated: node scripts/sync-slnx-docs.mjs) -->
  <Folder Name="/docs/">
    <File Path="README.md" />
    <File Path="CHANGELOG.md" />
    <File Path="docs/common-mistakes.md" />
    <File Path="docs/concepts.md" />
    <File Path="docs/getting-started.md" />
    <File Path="docs/stores.md" />
    <File Path="docs/troubleshooting.md" />
  </Folder>
  <Folder Name="/src/">
    <Project Path="src/Pragmatic.Configuration/Pragmatic.Configuration.csproj" />
    <Project Path="src/Pragmatic.Configuration.Database/Pragmatic.Configuration.Database.csproj" />
    <Project Path="src/Pragmatic.Configuration.Azure/Pragmatic.Configuration.Azure.csproj" />
  </Folder>
  <Folder Name="/tests/">
    <Project Path="tests/Pragmatic.Configuration.Tests/Pragmatic.Configuration.Tests.csproj" />
    <Project Path="tests/Pragmatic.Configuration.Database.Tests/Pragmatic.Configuration.Database.Tests.csproj" />
    <Project Path="tests/Pragmatic.Configuration.Azure.Tests/Pragmatic.Configuration.Azure.Tests.csproj" />
  </Folder>
  <!-- Unified source generator -->
  <Project Path="../Pragmatic.SourceGenerator/src/Pragmatic.SourceGenerator/Pragmatic.SourceGenerator.csproj" />
</Solution>
